# THIS IS AN AUTOGENERATED FILE. DO NOT EDIT THIS FILE DIRECTLY.
# yarn lockfile v1


abstract-leveldown@^6.2.1, abstract-leveldown@~6.2.1:
  version "6.2.2"
  resolved "https://registry.yarnpkg.com/abstract-leveldown/-/abstract-leveldown-6.2.2.tgz#677425beeb28204367c7639e264e93ea4b49971a"
  integrity sha512-/a+Iwj0rn//CX0EJOasNyZJd2o8xur8Ce9C57Sznti/Ilt/cb6Qd8/k98A4ZOklXgTG+iAYYUs1OTG0s1eH+zQ==
  dependencies:
    level-concat-iterator "~2.0.0"
    level-supports "~1.0.0"
    xtend "~4.0.0"

clone@~0.1.9:
  version "0.1.19"
  resolved "https://registry.yarnpkg.com/clone/-/clone-0.1.19.tgz#613fb68639b26a494ac53253e15b1a6bd88ada85"
  integrity sha1-YT+2hjmyaklKxTJT4Vsaa9iK2oU=

crypto-random-string@^1.0.0:
  version "1.0.0"
  resolved "https://registry.yarnpkg.com/crypto-random-string/-/crypto-random-string-1.0.0.tgz#a230f64f568310e1498009940790ec99545bca7e"
  integrity sha1-ojD2T1aDEOFJgAmUB5DsmVRbyn4=

deferred-leveldown@~5.3.0:
  version "5.3.0"
  resolved "https://registry.yarnpkg.com/deferred-leveldown/-/deferred-leveldown-5.3.0.tgz#27a997ad95408b61161aa69bd489b86c71b78058"
  integrity sha512-a59VOT+oDy7vtAbLRCZwWgxu2BaCfd5Hk7wxJd48ei7I+nsg8Orlb9CLG0PMZienk9BSUKgeAqkO2+Lw+1+Ukw==
  dependencies:
    abstract-leveldown "~6.2.1"
    inherits "^2.0.3"

encoding-down@^6.2.0:
  version "6.3.0"
  resolved "https://registry.yarnpkg.com/encoding-down/-/encoding-down-6.3.0.tgz#b1c4eb0e1728c146ecaef8e32963c549e76d082b"
  integrity sha512-QKrV0iKR6MZVJV08QY0wp1e7vF6QbhnbQhb07bwpEyuz4uZiZgPlEGdkCROuFkUwdxlFaiPIhjyarH1ee/3vhw==
  dependencies:
    abstract-leveldown "^6.2.1"
    inherits "^2.0.3"
    level-codec "^9.0.0"
    level-errors "^2.0.0"

errno@~0.1.1:
  version "0.1.7"
  resolved "https://registry.yarnpkg.com/errno/-/errno-0.1.7.tgz#4684d71779ad39af177e3f007996f7c67c852618"
  integrity sha512-MfrRBDWzIWifgq6tJj60gkAwtLNb6sQPlcFrSOflcP1aFmmruKQ2wRnze/8V6kgyz7H3FF8Npzv78mZ7XLLflg==
  dependencies:
    prr "~1.0.1"

foreach@~2.0.1:
  version "2.0.5"
  resolved "https://registry.yarnpkg.com/foreach/-/foreach-2.0.5.tgz#0bee005018aeb260d0a3af3ae658dd0136ec1b99"
  integrity sha1-C+4AUBiusmDQo6865ljdATbsG5k=

functional-red-black-tree@~1.0.1:
  version "1.0.1"
  resolved "https://registry.yarnpkg.com/functional-red-black-tree/-/functional-red-black-tree-1.0.1.tgz#1b0ab3bd553b2a0d6399d29c0e3ea0b252078327"
  integrity sha1-GwqzvVU7Kg1jmdKcDj6gslIHgyc=

immediate@~3.2.3:
  version "3.2.3"
  resolved "https://registry.yarnpkg.com/immediate/-/immediate-3.2.3.tgz#d140fa8f614659bd6541233097ddaac25cdd991c"
  integrity sha1-0UD6j2FGWb1lQSMwl92qwlzdmRw=

indexof@~0.0.1:
  version "0.0.1"
  resolved "https://registry.yarnpkg.com/indexof/-/indexof-0.0.1.tgz#82dc336d232b9062179d05ab3293a66059fd435d"
  integrity sha1-gtwzbSMrkGIXnQWrMpOmYFn9Q10=

inherits@^2.0.3, inherits@^2.0.4, inherits@~2.0.1:
  version "2.0.4"
  resolved "https://registry.yarnpkg.com/inherits/-/inherits-2.0.4.tgz#0fa2c64f932917c3433a0ded55363aae37416b7c"
  integrity sha512-k/vGaX4/Yla3WzyMCvTQOXYeIHvqOKtnqBduzTHpzpQZzAskKMhZ2K+EnBiSM9zGSoIFeMpXKxa4dYeZIQqewQ==

is-object@~0.1.2:
  version "0.1.2"
  resolved "https://registry.yarnpkg.com/is-object/-/is-object-0.1.2.tgz#00efbc08816c33cfc4ac8251d132e10dc65098d7"
  integrity sha1-AO+8CIFsM8/ErIJR0TLhDcZQmNc=

is@~0.2.6:
  version "0.2.7"
  resolved "https://registry.yarnpkg.com/is/-/is-0.2.7.tgz#3b34a2c48f359972f35042849193ae7264b63562"
  integrity sha1-OzSixI81mXLzUEKEkZOucmS2NWI=

level-codec@^9.0.0:
  version "9.0.1"
  resolved "https://registry.yarnpkg.com/level-codec/-/level-codec-9.0.1.tgz#042f4aa85e56d4328ace368c950811ba802b7247"
  integrity sha512-ajFP0kJ+nyq4i6kptSM+mAvJKLOg1X5FiFPtLG9M5gCEZyBmgDi3FkDrvlMkEzrUn1cWxtvVmrvoS4ASyO/q+Q==

level-compose@^0.0.2:
  version "0.0.2"
  resolved "https://registry.yarnpkg.com/level-compose/-/level-compose-0.0.2.tgz#55cc6081cceb55c9b58b897ba076655dcf60d0a2"
  integrity sha512-5DrkBB+45Ds2f3cKPMzmcyZvnxtlwW0S+5to+OuO+PWmQ4sEOeL0lQ8HmTu7zfjk8mW4ZL6V/TV0Z3xMS5LEtA==
  dependencies:
    xtend "~4.0.1"

level-concat-iterator@~2.0.0:
  version "2.0.1"
  resolved "https://registry.yarnpkg.com/level-concat-iterator/-/level-concat-iterator-2.0.1.tgz#1d1009cf108340252cb38c51f9727311193e6263"
  integrity sha512-OTKKOqeav2QWcERMJR7IS9CUo1sHnke2C0gkSmcR7QuEtFNLLzHQAvnMw8ykvEcv0Qtkg0p7FOwP1v9e5Smdcw==

level-errors@^2.0.0, level-errors@~2.0.0:
  version "2.0.1"
  resolved "https://registry.yarnpkg.com/level-errors/-/level-errors-2.0.1.tgz#2132a677bf4e679ce029f517c2f17432800c05c8"
  integrity sha512-UVprBJXite4gPS+3VznfgDSU8PTRuVX0NXwoWW50KLxd2yw4Y1t2JUR5In1itQnudZqRMT9DlAM3Q//9NCjCFw==
  dependencies:
    errno "~0.1.1"

level-fix-range@2.0:
  version "2.0.0"
  resolved "https://registry.yarnpkg.com/level-fix-range/-/level-fix-range-2.0.0.tgz#c417d62159442151a19d9a2367868f1724c2d548"
  integrity sha1-xBfWIVlEIVGhnZojZ4aPFyTC1Ug=
  dependencies:
    clone "~0.1.9"

"level-hooks@>=4.4.0 <5":
  version "4.5.0"
  resolved "https://registry.yarnpkg.com/level-hooks/-/level-hooks-4.5.0.tgz#1b9ae61922930f3305d1a61fc4d83c8102c0dd93"
  integrity sha1-G5rmGSKTDzMF0aYfxNg8gQLA3ZM=
  dependencies:
    string-range "~1.2"

level-iterator-stream@~4.0.0:
  version "4.0.2"
  resolved "https://registry.yarnpkg.com/level-iterator-stream/-/level-iterator-stream-4.0.2.tgz#7ceba69b713b0d7e22fcc0d1f128ccdc8a24f79c"
  integrity sha512-ZSthfEqzGSOMWoUGhTXdX9jv26d32XJuHz/5YnuHZzH6wldfWMOVwI9TBtKcya4BKTyTt3XVA0A3cF3q5CY30Q==
  dependencies:
    inherits "^2.0.4"
    readable-stream "^3.4.0"
    xtend "^4.0.2"

level-js@^5.0.0:
  version "5.0.0"
  resolved "https://registry.yarnpkg.com/level-js/-/level-js-5.0.0.tgz#ad79d40248634a7517f53f3a1bb94a6127f1d46d"
  integrity sha512-BIevs/NlfX1DCbuzt8+p2LCumiuDf6IHq5ehktqmcJVRxzfVdc6lXV2FB5cGkTYg4KAr7WfVkeUBAiTgevy19g==
  dependencies:
    abstract-leveldown "~6.2.1"
    immediate "~3.2.3"
    inherits "^2.0.3"
    ltgt "^2.1.2"

level-post@^1.0.7:
  version "1.0.7"
  resolved "https://registry.yarnpkg.com/level-post/-/level-post-1.0.7.tgz#19ccca9441a7cc527879a0635000f06d5e8f27d0"
  integrity sha512-PWYqG4Q00asOrLhX7BejSajByB4EmG2GaKHfj3h5UmmZ2duciXLPGYWIjBzLECFWUGOZWlm5B20h/n3Gs3HKew==
  dependencies:
    ltgt "^2.1.2"

level-sublevel@4:
  version "4.8.3"
  resolved "https://registry.yarnpkg.com/level-sublevel/-/level-sublevel-4.8.3.tgz#f4db06ab1ffde01a5b9fcbd4acdd7b0baaad0f2c"
  integrity sha1-9NsGqx/94Bpbn8vUrN17C6qtDyw=
  dependencies:
    level-fix-range "2.0"
    level-hooks ">=4.4.0 <5"
    string-range "~1.2.1"
    xtend "~2.0.4"

level-supports@~1.0.0:
  version "1.0.1"
  resolved "https://registry.yarnpkg.com/level-supports/-/level-supports-1.0.1.tgz#2f530a596834c7301622521988e2c36bb77d122d"
  integrity sha512-rXM7GYnW8gsl1vedTJIbzOrRv85c/2uCMpiiCzO2fndd06U/kUXEEU9evYn4zFggBOg36IsBW8LzqIpETwwQzg==
  dependencies:
    xtend "^4.0.2"

level-test@^8.0.0:
  version "8.0.0"
  resolved "https://registry.yarnpkg.com/level-test/-/level-test-8.0.0.tgz#c4523b23aa85717261b4dbf1659fb6c7d2f39010"
  integrity sha512-bHAHn5FpFBKn7eT4ys1Yyt3aMjB3J72pIc/Fx/rBMsw2EVczeOrR99vhmXq6oqUarsG9Gu3Oh20OzCtW3YgLgg==
  dependencies:
    encoding-down "^6.2.0"
    level-compose "^0.0.2"
    level-js "^5.0.0"
    levelup "^4.3.1"
    memdown "^5.1.0"
    tempy "^0.3.0"
    uuid "^3.3.2"
  optionalDependencies:
    leveldown "^5.2.1"

leveldown@^5.2.1:
  version "5.4.1"
  resolved "https://registry.yarnpkg.com/leveldown/-/leveldown-5.4.1.tgz#83a8fdd9bb52b1ed69be2ef59822b6cdfcdb51ec"
  integrity sha512-3lMPc7eU3yj5g+qF1qlALInzIYnkySIosR1AsUKFjL9D8fYbTLuENBAeDRZXIG4qeWOAyqRItOoLu2v2avWiMA==
  dependencies:
    abstract-leveldown "~6.2.1"
    napi-macros "~2.0.0"
    node-gyp-build "~4.1.0"

levelup@^4.3.1:
  version "4.3.2"
  resolved "https://registry.yarnpkg.com/levelup/-/levelup-4.3.2.tgz#31c5b1b29f146d1d35d692e01a6da4d28fa55ebd"
  integrity sha512-cRTjU4ktWo59wf13PHEiOayHC3n0dOh4i5+FHr4tv4MX9+l7mqETicNq3Aj07HKlLdk0z5muVoDL2RD+ovgiyA==
  dependencies:
    deferred-leveldown "~5.3.0"
    level-errors "~2.0.0"
    level-iterator-stream "~4.0.0"
    level-supports "~1.0.0"
    xtend "~4.0.0"

looper@^2.0.0:
  version "2.0.0"
  resolved "https://registry.yarnpkg.com/looper/-/looper-2.0.0.tgz#66cd0c774af3d4fedac53794f742db56da8f09ec"
  integrity sha1-Zs0Md0rz1P7axTeU90LbVtqPCew=

looper@^3.0.0:
  version "3.0.0"
  resolved "https://registry.yarnpkg.com/looper/-/looper-3.0.0.tgz#2efa54c3b1cbaba9b94aee2e5914b0be57fbb749"
  integrity sha1-LvpUw7HLq6m5Su4uWRSwvlf7t0k=

ltgt@^2.1.2, ltgt@~2.2.0:
  version "2.2.1"
  resolved "https://registry.yarnpkg.com/ltgt/-/ltgt-2.2.1.tgz#f35ca91c493f7b73da0e07495304f17b31f87ee5"
  integrity sha1-81ypHEk/e3PaDgdJUwTxezH4fuU=

memdown@^5.1.0:
  version "5.1.0"
  resolved "https://registry.yarnpkg.com/memdown/-/memdown-5.1.0.tgz#608e91a9f10f37f5b5fe767667a8674129a833cb"
  integrity sha512-B3J+UizMRAlEArDjWHTMmadet+UKwHd3UjMgGBkZcKAxAYVPS9o0Yeiha4qvz7iGiL2Sb3igUft6p7nbFWctpw==
  dependencies:
    abstract-leveldown "~6.2.1"
    functional-red-black-tree "~1.0.1"
    immediate "~3.2.3"
    inherits "~2.0.1"
    ltgt "~2.2.0"
    safe-buffer "~5.2.0"

napi-macros@~2.0.0:
  version "2.0.0"
  resolved "https://registry.yarnpkg.com/napi-macros/-/napi-macros-2.0.0.tgz#2b6bae421e7b96eb687aa6c77a7858640670001b"
  integrity sha512-A0xLykHtARfueITVDernsAWdtIMbOJgKgcluwENp3AlsKN/PloyO10HtmoqnFAQAcxPkgZN7wdfPfEd0zNGxbg==

node-gyp-build@~4.1.0:
  version "4.1.1"
  resolved "https://registry.yarnpkg.com/node-gyp-build/-/node-gyp-build-4.1.1.tgz#d7270b5d86717068d114cc57fff352f96d745feb"
  integrity sha512-dSq1xmcPDKPZ2EED2S6zw/b9NKsqzXRE6dVr8TVQnI3FJOTteUMuqF3Qqs6LZg+mLGYJWqQzMbIjMtJqTv87nQ==

object-keys@~0.2.0:
  version "0.2.0"
  resolved "https://registry.yarnpkg.com/object-keys/-/object-keys-0.2.0.tgz#cddec02998b091be42bf1035ae32e49f1cb6ea67"
  integrity sha1-zd7AKZiwkb5CvxA1rjLknxy26mc=
  dependencies:
    foreach "~2.0.1"
    indexof "~0.0.1"
    is "~0.2.6"

prr@~1.0.1:
  version "1.0.1"
  resolved "https://registry.yarnpkg.com/prr/-/prr-1.0.1.tgz#d3fc114ba06995a45ec6893f484ceb1d78f5f476"
  integrity sha1-0/wRS6BplaRexok/SEzrHXj19HY=

pull-cat@^1.1.9:
  version "1.1.11"
  resolved "https://registry.yarnpkg.com/pull-cat/-/pull-cat-1.1.11.tgz#b642dd1255da376a706b6db4fa962f5fdb74c31b"
  integrity sha1-tkLdElXaN2pwa220+pYvX9t0wxs=

pull-level@^2.0.4:
  version "2.0.4"
  resolved "https://registry.yarnpkg.com/pull-level/-/pull-level-2.0.4.tgz#4822e61757c10bdcc7cf4a03af04c92734c9afac"
  integrity sha512-fW6pljDeUThpq5KXwKbRG3X7Ogk3vc75d5OQU/TvXXui65ykm+Bn+fiktg+MOx2jJ85cd+sheufPL+rw9QSVZg==
  dependencies:
    level-post "^1.0.7"
    pull-cat "^1.1.9"
    pull-live "^1.0.1"
    pull-pushable "^2.0.0"
    pull-stream "^3.4.0"
    pull-window "^2.1.4"
    stream-to-pull-stream "^1.7.1"

pull-live@^1.0.1:
  version "1.0.1"
  resolved "https://registry.yarnpkg.com/pull-live/-/pull-live-1.0.1.tgz#a4ecee01e330155e9124bbbcf4761f21b38f51f5"
  integrity sha1-pOzuAeMwFV6RJLu89HYfIbOPUfU=
  dependencies:
    pull-cat "^1.1.9"
    pull-stream "^3.4.0"

pull-pushable@^2.0.0:
  version "2.2.0"
  resolved "https://registry.yarnpkg.com/pull-pushable/-/pull-pushable-2.2.0.tgz#5f2f3aed47ad86919f01b12a2e99d6f1bd776581"
  integrity sha1-Xy867UethpGfAbEqLpnW8b13ZYE=

pull-stream-to-stream@^2.0.0:
  version "2.0.0"
  resolved "https://registry.yarnpkg.com/pull-stream-to-stream/-/pull-stream-to-stream-2.0.0.tgz#943b67362b9b37890b2881c50175711d7bb67020"
  integrity sha512-lhgwUn2hQalava39zAzrRhjvVOpR99mfx5tCYRMD8Is85kBvXhQ39zIonVA+2TzdOFjmTQYbPWbEH0HAG+0t0Q==

pull-stream@^3.2.3, pull-stream@^3.4.0:
  version "3.6.14"
  resolved "https://registry.yarnpkg.com/pull-stream/-/pull-stream-3.6.14.tgz#529dbd5b86131f4a5ed636fdf7f6af00781357ee"
  integrity sha512-KIqdvpqHHaTUA2mCYcLG1ibEbu/LCKoJZsBWyv9lSYtPkJPBq8m3Hxa103xHi6D2thj5YXa0TqK3L3GUkwgnew==

pull-window@^2.1.4:
  version "2.1.4"
  resolved "https://registry.yarnpkg.com/pull-window/-/pull-window-2.1.4.tgz#fc3b86feebd1920c7ae297691e23f705f88552f0"
  integrity sha1-/DuG/uvRkgx64pdpHiP3BfiFUvA=
  dependencies:
    looper "^2.0.0"

readable-stream@^3.4.0:
  version "3.4.0"
  resolved "https://registry.yarnpkg.com/readable-stream/-/readable-stream-3.4.0.tgz#a51c26754658e0a3c21dbf59163bd45ba6f447fc"
  integrity sha512-jItXPLmrSR8jmTRmRWJXCnGJsfy85mB3Wd/uINMXA65yrnFo0cPClFIUWzo2najVNSl+mx7/4W8ttlLWJe99pQ==
  dependencies:
    inherits "^2.0.3"
    string_decoder "^1.1.1"
    util-deprecate "^1.0.1"

safe-buffer@~5.2.0:
  version "5.2.0"
  resolved "https://registry.yarnpkg.com/safe-buffer/-/safe-buffer-5.2.0.tgz#b74daec49b1148f88c64b68d49b1e815c1f2f519"
  integrity sha512-fZEwUGbVl7kouZs1jCdMLdt95hdIv0ZeHg6L7qPeciMZhZ+/gdesW4wgTARkrFWEpspjEATAzUGPG8N2jJiwbg==

stream-to-pull-stream@^1.7.1:
  version "1.7.3"
  resolved "https://registry.yarnpkg.com/stream-to-pull-stream/-/stream-to-pull-stream-1.7.3.tgz#4161aa2d2eb9964de60bfa1af7feaf917e874ece"
  integrity sha512-6sNyqJpr5dIOQdgNy/xcDWwDuzAsAwVzhzrWlAPAQ7Lkjx/rv0wgvxEyKwTq6FmNd5rjTrELt/CLmaSw7crMGg==
  dependencies:
    looper "^3.0.0"
    pull-stream "^3.2.3"

string-range@~1.2, string-range@~1.2.1:
  version "1.2.2"
  resolved "https://registry.yarnpkg.com/string-range/-/string-range-1.2.2.tgz#a893ed347e72299bc83befbbf2a692a8d239d5dd"
  integrity sha1-qJPtNH5yKZvIO++78qaSqNI51d0=

string_decoder@^1.1.1:
  version "1.3.0"
  resolved "https://registry.yarnpkg.com/string_decoder/-/string_decoder-1.3.0.tgz#42f114594a46cf1a8e30b0a84f56c78c3edac21e"
  integrity sha512-hkRX8U1WjJFd8LsDJ2yQ/wWWxaopEsABU1XfkM8A+j0+85JAGppt16cr1Whg6KIbb4okU6Mql6BOj+uup/wKeA==
  dependencies:
    safe-buffer "~5.2.0"

temp-dir@^1.0.0:
  version "1.0.0"
  resolved "https://registry.yarnpkg.com/temp-dir/-/temp-dir-1.0.0.tgz#0a7c0ea26d3a39afa7e0ebea9c1fc0bc4daa011d"
  integrity sha1-CnwOom06Oa+n4OvqnB/AvE2qAR0=

tempy@^0.3.0:
  version "0.3.0"
  resolved "https://registry.yarnpkg.com/tempy/-/tempy-0.3.0.tgz#6f6c5b295695a16130996ad5ab01a8bd726e8bf8"
  integrity sha512-WrH/pui8YCwmeiAoxV+lpRH9HpRtgBhSR2ViBPgpGb/wnYDzp21R4MN45fsCGvLROvY67o3byhJRYRONJyImVQ==
  dependencies:
    temp-dir "^1.0.0"
    type-fest "^0.3.1"
    unique-string "^1.0.0"

type-fest@^0.3.1:
  version "0.3.1"
  resolved "https://registry.yarnpkg.com/type-fest/-/type-fest-0.3.1.tgz#63d00d204e059474fe5e1b7c011112bbd1dc29e1"
  integrity sha512-cUGJnCdr4STbePCgqNFbpVNCepa+kAVohJs1sLhxzdH+gnEoOd8VhbYa7pD3zZYGiURWM2xzEII3fQcRizDkYQ==

unique-string@^1.0.0:
  version "1.0.0"
  resolved "https://registry.yarnpkg.com/unique-string/-/unique-string-1.0.0.tgz#9e1057cca851abb93398f8b33ae187b99caec11a"
  integrity sha1-nhBXzKhRq7kzmPizOuGHuZyuwRo=
  dependencies:
    crypto-random-string "^1.0.0"

util-deprecate@^1.0.1:
  version "1.0.2"
  resolved "https://registry.yarnpkg.com/util-deprecate/-/util-deprecate-1.0.2.tgz#450d4dc9fa70de732762fbd2d4a28981419a0ccf"
  integrity sha1-RQ1Nyfpw3nMnYvvS1KKJgUGaDM8=

uuid@^3.3.2:
  version "3.3.3"
  resolved "https://registry.yarnpkg.com/uuid/-/uuid-3.3.3.tgz#4568f0216e78760ee1dbf3a4d2cf53e224112866"
  integrity sha512-pW0No1RGHgzlpHJO1nsVrHKpOEIxkGg1xB+v0ZmdNH5OAeAwzAVrCnI2/6Mtx+Uys6iaylxa+D3g4j63IKKjSQ==

xtend@^4.0.2, xtend@~4.0.0, xtend@~4.0.1:
  version "4.0.2"
  resolved "https://registry.yarnpkg.com/xtend/-/xtend-4.0.2.tgz#bb72779f5fa465186b1f438f674fa347fdb5db54"
  integrity sha512-LKYU1iAXJXUgAXn9URjiu+MWhyUXHsvfp7mcuYm9dSUKK0/CjtrUwFAxD82/mCWbtLsGjFIad0wIsod4zrTAEQ==

xtend@~2.0.4:
  version "2.0.6"
  resolved "https://registry.yarnpkg.com/xtend/-/xtend-2.0.6.tgz#5ea657a6dba447069c2e59c58a1138cb0c5e6cee"
  integrity sha1-XqZXptukRwacLlnFihE4ywxebO4=
  dependencies:
    is-object "~0.1.2"
    object-keys "~0.2.0"
